// !$*UTF8*$!
{
	archiveVersion = 1;
	classes = {
	};
	objectVersion = 46;
	objects = {

/* Begin PBXBuildFile section */
		28A049931F2845E300EF6534 /* main.m in Sources */ = {isa = PBXBuildFile; fileRef = 28A049921F2845E300EF6534 /* main.m */; };
		28A049961F2845E300EF6534 /* AppDelegate.m in Sources */ = {isa = PBXBuildFile; fileRef = 28A049951F2845E300EF6534 /* AppDelegate.m */; };
		28A049991F2845E300EF6534 /* ViewController.m in Sources */ = {isa = PBXBuildFile; fileRef = 28A049981F2845E300EF6534 /* ViewController.m */; };
		28A0499C1F2845E300EF6534 /* Main.storyboard in Resources */ = {isa = PBXBuildFile; fileRef = 28A0499A1F2845E300EF6534 /* Main.storyboard */; };
		28A0499E1F2845E300EF6534 /* Assets.xcassets in Resources */ = {isa = PBXBuildFile; fileRef = 28A0499D1F2845E300EF6534 /* Assets.xcassets */; };
		28A049A11F2845E300EF6534 /* LaunchScreen.storyboard in Resources */ = {isa = PBXBuildFile; fileRef = 28A0499F1F2845E300EF6534 /* LaunchScreen.storyboard */; };
		28A049AC1F2845E300EF6534 /* BLEKeyFobTests.m in Sources */ = {isa = PBXBuildFile; fileRef = 28A049AB1F2845E300EF6534 /* BLEKeyFobTests.m */; };
		28A049B71F2845E300EF6534 /* BLEKeyFobUITests.m in Sources */ = {isa = PBXBuildFile; fileRef = 28A049B61F2845E300EF6534 /* BLEKeyFobUITests.m */; };
/* End PBXBuildFile section */

/* Begin PBXContainerItemProxy section */
		28A049A81F2845E300EF6534 /* PBXContainerItemProxy */ = {
			isa = PBXContainerItemProxy;
			containerPortal = 28A049861F2845E300EF6534 /* Project object */;
			proxyType = 1;
			remoteGlobalIDString = 28A0498D1F2845E300EF6534;
			remoteInfo = BLEKeyFob;
		};
		28A049B31F2845E300EF6534 /* PBXContainerItemProxy */ = {
			isa = PBXContainerItemProxy;
			containerPortal = 28A049861F2845E300EF6534 /* Project object */;
			proxyType = 1;
			remoteGlobalIDString = 28A0498D1F2845E300EF6534;
			remoteInfo = BLEKeyFob;
		};
/* End PBXContainerItemProxy section */

/* Begin PBXFileReference section */
		28A0498E1F2845E300EF6534 /* BLEKeyFob.app */ = {isa = PBXFileReference; explicitFileType = wrapper.application; includeInIndex = 0; path = BLEKeyFob.app; sourceTree = BUILT_PRODUCTS_DIR; };
		28A049921F2845E300EF6534 /* main.m */ = {isa = PBXFileReference; lastKnownFileType = sourcecode.c.objc; path = main.m; sourceTree = "<group>"; };
		28A049941F2845E300EF6534 /* AppDelegate.h */ = {isa = PBXFileReference; lastKnownFileType = sourcecode.c.h; path = AppDelegate.h; sourceTree = "<group>"; };
		28A049951F2845E300EF6534 /* AppDelegate.m */ = {isa = PBXFileReference; lastKnownFileType = sourcecode.c.objc; path = AppDelegate.m; sourceTree = "<group>"; };
		28A049971F2845E300EF6534 /* ViewController.h */ = {isa = PBXFileReference; lastKnownFileType = sourcecode.c.h; path = ViewController.h; sourceTree = "<group>"; };
		28A049981F2845E300EF6534 /* ViewController.m */ = {isa = PBXFileReference; lastKnownFileType = sourcecode.c.objc; path = ViewController.m; sourceTree = "<group>"; };
		28A0499B1F2845E300EF6534 /* Base */ = {isa = PBXFileReference; lastKnownFileType = file.storyboard; name = Base; path = Base.lproj/Main.storyboard; sourceTree = "<group>"; };
		28A0499D1F2845E300EF6534 /* Assets.xcassets */ = {isa = PBXFileReference; lastKnownFileType = folder.assetcatalog; path = Assets.xcassets; sourceTree = "<group>"; };
		28A049A01F2845E300EF6534 /* Base */ = {isa = PBXFileReference; lastKnownFileType = file.storyboard; name = Base; path = Base.lproj/LaunchScreen.storyboard; sourceTree = "<group>"; };
		28A049A21F2845E300EF6534 /* Info.plist */ = {isa = PBXFileReference; lastKnownFileType = text.plist.xml; path = Info.plist; sourceTree = "<group>"; };
		28A049A71F2845E300EF6534 /* BLEKeyFobTests.xctest */ = {isa = PBXFileReference; explicitFileType = wrapper.cfbundle; includeInIndex = 0; path = BLEKeyFobTests.xctest; sourceTree = BUILT_PRODUCTS_DIR; };
		28A049AB1F2845E300EF6534 /* BLEKeyFobTests.m */ = {isa = PBXFileReference; lastKnownFileType = sourcecode.c.objc; path = BLEKeyFobTests.m; sourceTree = "<group>"; };
		28A049AD1F2845E300EF6534 /* Info.plist */ = {isa = PBXFileReference; lastKnownFileType = text.plist.xml; path = Info.plist; sourceTree = "<group>"; };
		28A049B21F2845E300EF6534 /* BLEKeyFobUITests.xctest */ = {isa = PBXFileReference; explicitFileType = wrapper.cfbundle; includeInIndex = 0; path = BLEKeyFobUITests.xctest; sourceTree = BUILT_PRODUCTS_DIR; };
		28A049B61F2845E300EF6534 /* BLEKeyFobUITests.m */ = {isa = PBXFileReference; lastKnownFileType = sourcecode.c.objc; path = BLEKeyFobUITests.m; sourceTree = "<group>"; };
		28A049B81F2845E400EF6534 /* Info.plist */ = {isa = PBXFileReference; lastKnownFileType = text.plist.xml; path = Info.plist; sourceTree = "<group>"; };
/* End PBXFileReference section */

/* Begin PBXFrameworksBuildPhase section */
		28A0498B1F2845E300EF6534 /* Frameworks */ = {
			isa = PBXFrameworksBuildPhase;
			buildActionMask = 2147483647;
			files = (
			);
			runOnlyForDeploymentPostprocessing = 0;
		};
		28A049A41F2845E300EF6534 /* Frameworks */ = {
			isa = PBXFrameworksBuildPhase;
			buildActionMask = 2147483647;
			files = (
			);
			runOnlyForDeploymentPostprocessing = 0;
		};
		28A049AF1F2845E300EF6534 /* Frameworks */ = {
			isa = PBXFrameworksBuildPhase;
			buildActionMask = 2147483647;
			files = (
			);
			runOnlyForDeploymentPostprocessing = 0;
		};
/* End PBXFrameworksBuildPhase section */

/* Begin PBXGroup section */
		28A049851F2845E300EF6534 = {
			isa = PBXGroup;
			children = (
				28A049901F2845E300EF6534 /* BLEKeyFob */,
				28A049AA1F2845E300EF6534 /* BLEKeyFobTests */,
				28A049B51F2845E300EF6534 /* BLEKeyFobUITests */,
				28A0498F1F2845E300EF6534 /* Products */,
			);
			sourceTree = "<group>";
		};
		28A0498F1F2845E300EF6534 /* Products */ = {
			isa = PBXGroup;
			children = (
				28A0498E1F2845E300EF6534 /* BLEKeyFob.app */,
				28A049A71F2845E300EF6534 /* BLEKeyFobTests.xctest */,
				28A049B21F2845E300EF6534 /* BLEKeyFobUITests.xctest */,
			);
			name = Products;
			sourceTree = "<group>";
		};
		28A049901F2845E300EF6534 /* BLEKeyFob */ = {
			isa = PBXGroup;
			children = (
				28A049941F2845E300EF6534 /* AppDelegate.h */,
				28A049951F2845E300EF6534 /* AppDelegate.m */,
				28A049971F2845E300EF6534 /* ViewController.h */,
				28A049981F2845E300EF6534 /* ViewController.m */,
				28A0499A1F2845E300EF6534 /* Main.storyboard */,
				28A0499D1F2845E300EF6534 /* Assets.xcassets */,
				28A0499F1F2845E300EF6534 /* LaunchScreen.storyboard */,
				28A049A21F2845E300EF6534 /* Info.plist */,
				28A049911F2845E300EF6534 /* Supporting Files */,
			);
			path = BLEKeyFob;
			sourceTree = "<group>";
		};
		28A049911F2845E300EF6534 /* Supporting Files */ = {
			isa = PBXGroup;
			children = (
				28A049921F2845E300EF6534 /* main.m */,
			);
			name = "Supporting Files";
			sourceTree = "<group>";
		};
		28A049AA1F2845E300EF6534 /* BLEKeyFobTests */ = {
			isa = PBXGroup;
			children = (
				28A049AB1F2845E300EF6534 /* BLEKeyFobTests.m */,
				28A049AD1F2845E300EF6534 /* Info.plist */,
			);
			path = BLEKeyFobTests;
			sourceTree = "<group>";
		};
		28A049B51F2845E300EF6534 /* BLEKeyFobUITests */ = {
			isa = PBXGroup;
			children = (
				28A049B61F2845E300EF6534 /* BLEKeyFobUITests.m */,
				28A049B81F2845E400EF6534 /* Info.plist */,
			);
			path = BLEKeyFobUITests;
			sourceTree = "<group>";
		};
/* End PBXGroup section */

/* Begin PBXNativeTarget section */
		28A0498D1F2845E300EF6534 /* BLEKeyFob */ = {
			isa = PBXNativeTarget;
			buildConfigurationList = 28A049BB1F2845E400EF6534 /* Build configuration list for PBXNativeTarget "BLEKeyFob" */;
			buildPhases = (
				28A0498A1F2845E300EF6534 /* Sources */,
				28A0498B1F2845E300EF6534 /* Frameworks */,
				28A0498C1F2845E300EF6534 /* Resources */,
			);
			buildRules = (
			);
			dependencies = (
			);
			name = BLEKeyFob;
			productName = BLEKeyFob;
			productReference = 28A0498E1F2845E300EF6534 /* BLEKeyFob.app */;
			productType = "com.apple.product-type.application";
		};
		28A049A61F2845E300EF6534 /* BLEKeyFobTests */ = {
			isa = PBXNativeTarget;
			buildConfigurationList = 28A049BE1F2845E400EF6534 /* Build configuration list for PBXNativeTarget "BLEKeyFobTests" */;
			buildPhases = (
				28A049A31F2845E300EF6534 /* Sources */,
				28A049A41F2845E300EF6534 /* Frameworks */,
				28A049A51F2845E300EF6534 /* Resources */,
			);
			buildRules = (
			);
			dependencies = (
				28A049A91F2845E300EF6534 /* PBXTargetDependency */,
			);
			name = BLEKeyFobTests;
			productName = BLEKeyFobTests;
			productReference = 28A049A71F2845E300EF6534 /* BLEKeyFobTests.xctest */;
			productType = "com.apple.product-type.bundle.unit-test";
		};
		28A049B11F2845E300EF6534 /* BLEKeyFobUITests */ = {
			isa = PBXNativeTarget;
			buildConfigurationList = 28A049C11F2845E400EF6534 /* Build configuration list for PBXNativeTarget "BLEKeyFobUITests" */;
			buildPhases = (
				28A049AE1F2845E300EF6534 /* Sources */,
				28A049AF1F2845E300EF6534 /* Frameworks */,
				28A049B01F2845E300EF6534 /* Resources */,
			);
			buildRules = (
			);
			dependencies = (
				28A049B41F2845E300EF6534 /* PBXTargetDependency */,
			);
			name = BLEKeyFobUITests;
			productName = BLEKeyFobUITests;
			productReference = 28A049B21F2845E300EF6534 /* BLEKeyFobUITests.xctest */;
			productType = "com.apple.product-type.bundle.ui-testing";
		};
/* End PBXNativeTarget section */

/* Begin PBXProject section */
		28A049861F2845E300EF6534 /* Project object */ = {
			isa = PBXProject;
			attributes = {
				LastUpgradeCheck = 0830;
				ORGANIZATIONNAME = "Zach Brogan";
				TargetAttributes = {
					28A0498D1F2845E300EF6534 = {
						CreatedOnToolsVersion = 8.3.3;
						DevelopmentTeam = L7PNX7SC29;
						ProvisioningStyle = Automatic;
					};
					28A049A61F2845E300EF6534 = {
						CreatedOnToolsVersion = 8.3.3;
						DevelopmentTeam = L7PNX7SC29;
						ProvisioningStyle = Automatic;
						TestTargetID = 28A0498D1F2845E300EF6534;
					};
					28A049B11F2845E300EF6534 = {
						CreatedOnToolsVersion = 8.3.3;
						DevelopmentTeam = L7PNX7SC29;
						ProvisioningStyle = Automatic;
						TestTargetID = 28A0498D1F2845E300EF6534;
					};
				};
			};
			buildConfigurationList = 28A049891F2845E300EF6534 /* Build configuration list for PBXProject "BLEKeyFob" */;
			compatibilityVersion = "Xcode 3.2";
			developmentRegion = English;
			hasScannedForEncodings = 0;
			knownRegions = (
				en,
				Base,
			);
			mainGroup = 28A049851F2845E300EF6534;
			productRefGroup = 28A0498F1F2845E300EF6534 /* Products */;
			projectDirPath = "";
			projectRoot = "";
			targets = (
				28A0498D1F2845E300EF6534 /* BLEKeyFob */,
				28A049A61F2845E300EF6534 /* BLEKeyFobTests */,
				28A049B11F2845E300EF6534 /* BLEKeyFobUITests */,
			);
		};
/* End PBXProject section */

/* Begin PBXResourcesBuildPhase section */
		28A0498C1F2845E300EF6534 /* Resources */ = {
			isa = PBXResourcesBuildPhase;
			buildActionMask = 2147483647;
			files = (
				28A049A11F2845E300EF6534 /* LaunchScreen.storyboard in Resources */,
				28A0499E1F2845E300EF6534 /* Assets.xcassets in Resources */,
				28A0499C1F2845E300EF6534 /* Main.storyboard in Resources */,
			);
			runOnlyForDeploymentPostprocessing = 0;
		};
		28A049A51F2845E300EF6534 /* Resources */ = {
			isa = PBXResourcesBuildPhase;
			buildActionMask = 2147483647;
			files = (
			);
			runOnlyForDeploymentPostprocessing = 0;
		};
		28A049B01F2845E300EF6534 /* Resources */ = {
			isa = PBXResourcesBuildPhase;
			buildActionMask = 2147483647;
			files = (
			);
			runOnlyForDeploymentPostprocessing = 0;
		};
/* End PBXResourcesBuildPhase section */

/* Begin PBXSourcesBuildPhase section */
		28A0498A1F2845E300EF6534 /* Sources */ = {
			isa = PBXSourcesBuildPhase;
			buildActionMask = 2147483647;
			files = (
				28A049991F2845E300EF6534 /* ViewController.m in Sources */,
				28A049961F2845E300EF6534 /* AppDelegate.m in Sources */,
				28A049931F2845E300EF6534 /* main.m in Sources */,
			);
			runOnlyForDeploymentPostprocessing = 0;
		};
		28A049A31F2845E300EF6534 /* Sources */ = {
			isa = PBXSourcesBuildPhase;
			buildActionMask = 2147483647;
			files = (
				28A049AC1F2845E300EF6534 /* BLEKeyFobTests.m in Sources */,
			);
			runOnlyForDeploymentPostprocessing = 0;
		};
		28A049AE1F2845E300EF6534 /* Sources */ = {
			isa = PBXSourcesBuildPhase;
			buildActionMask = 2147483647;
			files = (
				28A049B71F2845E300EF6534 /* BLEKeyFobUITests.m in Sources */,
			);
			runOnlyForDeploymentPostprocessing = 0;
		};
/* End PBXSourcesBuildPhase section */

/* Begin PBXTargetDependency section */
		28A049A91F2845E300EF6534 /* PBXTargetDependency */ = {
			isa = PBXTargetDependency;
			target = 28A0498D1F2845E300EF6534 /* BLEKeyFob */;
			targetProxy = 28A049A81F2845E300EF6534 /* PBXContainerItemProxy */;
		};
		28A049B41F2845E300EF6534 /* PBXTargetDependency */ = {
			isa = PBXTargetDependency;
			target = 28A0498D1F2845E300EF6534 /* BLEKeyFob */;
			targetProxy = 28A049B31F2845E300EF6534 /* PBXContainerItemProxy */;
		};
/* End PBXTargetDependency section */

/* Begin PBXVariantGroup section */
		28A0499A1F2845E300EF6534 /* Main.storyboard */ = {
			isa = PBXVariantGroup;
			children = (
				28A0499B1F2845E300EF6534 /* Base */,
			);
			name = Main.storyboard;
			sourceTree = "<group>";
		};
		28A0499F1F2845E300EF6534 /* LaunchScreen.storyboard */ = {
			isa = PBXVariantGroup;
			children = (
				28A049A01F2845E300EF6534 /* Base */,
			);
			name = LaunchScreen.storyboard;
			sourceTree = "<group>";
		};
/* End PBXVariantGroup section */

/* Begin XCBuildConfiguration section */
		28A049B91F2845E400EF6534 /* Debug */ = {
			isa = XCBuildConfiguration;
			buildSettings = {
				ALWAYS_SEARCH_USER_PATHS = NO;
				CLANG_ANALYZER_NONNULL = YES;
				CLANG_ANALYZER_NUMBER_OBJECT_CONVERSION = YES_AGGRESSIVE;
				CLANG_CXX_LANGUAGE_STANDARD = "gnu++0x";
				CLANG_CXX_LIBRARY = "libc++";
				CLANG_ENABLE_MODULES = YES;
				CLANG_ENABLE_OBJC_ARC = YES;
				CLANG_WARN_BOOL_CONVERSION = YES;
				CLANG_WARN_CONSTANT_CONVERSION = YES;
				CLANG_WARN_DIRECT_OBJC_ISA_USAGE = YES_ERROR;
				CLANG_WARN_DOCUMENTATION_COMMENTS = YES;
				CLANG_WARN_EMPTY_BODY = YES;
				CLANG_WARN_ENUM_CONVERSION = YES;
				CLANG_WARN_INFINITE_RECURSION = YES;
				CLANG_WARN_INT_CONVERSION = YES;
				CLANG_WARN_OBJC_ROOT_CLASS = YES_ERROR;
				CLANG_WARN_SUSPICIOUS_MOVE = YES;
				CLANG_WARN_UNREACHABLE_CODE = YES;
				CLANG_WARN__DUPLICATE_METHOD_MATCH = YES;
				"CODE_SIGN_IDENTITY[sdk=iphoneos*]" = "iPhone Developer";
				COPY_PHASE_STRIP = NO;
				DEBUG_INFORMATION_FORMAT = dwarf;
				ENABLE_STRICT_OBJC_MSGSEND = YES;
				ENABLE_TESTABILITY = YES;
				GCC_C_LANGUAGE_STANDARD = gnu99;
				GCC_DYNAMIC_NO_PIC = NO;
				GCC_NO_COMMON_BLOCKS = YES;
				GCC_OPTIMIZATION_LEVEL = 0;
				GCC_PREPROCESSOR_DEFINITIONS = (
					"DEBUG=1",
					"$(inherited)",
				);
				GCC_WARN_64_TO_32_BIT_CONVERSION = YES;
				GCC_WARN_ABOUT_RETURN_TYPE = YES_ERROR;
				GCC_WARN_UNDECLARED_SELECTOR = YES;
				GCC_WARN_UNINITIALIZED_AUTOS = YES_AGGRESSIVE;
				GCC_WARN_UNUSED_FUNCTION = YES;
				GCC_WARN_UNUSED_VARIABLE = YES;
				IPHONEOS_DEPLOYMENT_TARGET = 10.3;
				MTL_ENABLE_DEBUG_INFO = YES;
				ONLY_ACTIVE_ARCH = YES;
				SDKROOT = iphoneos;
				TARGETED_DEVICE_FAMILY = "1,2";
			};
			name = Debug;
		};
		28A049BA1F2845E400EF6534 /* Release */ = {
			isa = XCBuildConfiguration;
			buildSettings = {
				ALWAYS_SEARCH_USER_PATHS = NO;
				CLANG_ANALYZER_NONNULL = YES;
				CLANG_ANALYZER_NUMBER_OBJECT_CONVERSION = YES_AGGRESSIVE;
				CLANG_CXX_LANGUAGE_STANDARD = "gnu++0x";
				CLANG_CXX_LIBRARY = "libc++";
				CLANG_ENABLE_MODULES = YES;
				CLANG_ENABLE_OBJC_ARC = YES;
				CLANG_WARN_BOOL_CONVERSION = YES;
				CLANG_WARN_CONSTANT_CONVERSION = YES;
				CLANG_WARN_DIRECT_OBJC_ISA_USAGE = YES_ERROR;
				CLANG_WARN_DOCUMENTATION_COMMENTS = YES;
				CLANG_WARN_EMPTY_BODY = YES;
				CLANG_WARN_ENUM_CONVERSION = YES;
				CLANG_WARN_INFINITE_RECURSION = YES;
				CLANG_WARN_INT_CONVERSION = YES;
				CLANG_WARN_OBJC_ROOT_CLASS = YES_ERROR;
				CLANG_WARN_SUSPICIOUS_MOVE = YES;
				CLANG_WARN_UNREACHABLE_CODE = YES;
				CLANG_WARN__DUPLICATE_METHOD_MATCH = YES;
				"CODE_SIGN_IDENTITY[sdk=iphoneos*]" = "iPhone Developer";
				COPY_PHASE_STRIP = NO;
				DEBUG_INFORMATION_FORMAT = "dwarf-with-dsym";
				ENABLE_NS_ASSERTIONS = NO;
				ENABLE_STRICT_OBJC_MSGSEND = YES;
				GCC_C_LANGUAGE_STANDARD = gnu99;
				GCC_NO_COMMON_BLOCKS = YES;
				GCC_WARN_64_TO_32_BIT_CONVERSION = YES;
				GCC_WARN_ABOUT_RETURN_TYPE = YES_ERROR;
				GCC_WARN_UNDECLARED_SELECTOR = YES;
				GCC_WARN_UNINITIALIZED_AUTOS = YES_AGGRESSIVE;
				GCC_WARN_UNUSED_FUNCTION = YES;
				GCC_WARN_UNUSED_VARIABLE = YES;
				IPHONEOS_DEPLOYMENT_TARGET = 10.3;
				MTL_ENABLE_DEBUG_INFO = NO;
				SDKROOT = iphoneos;
				TARGETED_DEVICE_FAMILY = "1,2";
				VALIDATE_PRODUCT = YES;
			};
			name = Release;
		};
		28A049BC1F2845E400EF6534 /* Debug */ = {
			isa = XCBuildConfiguration;
			buildSettings = {
				ASSETCATALOG_COMPILER_APPICON_NAME = AppIcon;
				"CODE_SIGN_IDENTITY[sdk=iphoneos*]" = "iPhone Developer";
				DEVELOPMENT_TEAM = L7PNX7SC29;
				INFOPLIST_FILE = BLEKeyFob/Info.plist;
				LD_RUNPATH_SEARCH_PATHS = "$(inherited) @executable_path/Frameworks";
				PRODUCT_BUNDLE_IDENTIFIER = com.zbrogz.BLEKeyFob;
				PRODUCT_NAME = "$(TARGET_NAME)";
				PROVISIONING_PROFILE_SPECIFIER = "";
			};
			name = Debug;
		};
		28A049BD1F2845E400EF6534 /* Release */ = {
			isa = XCBuildConfiguration;
			buildSettings = {
				ASSETCATALOG_COMPILER_APPICON_NAME = AppIcon;
				"CODE_SIGN_IDENTITY[sdk=iphoneos*]" = "iPhone Developer";
				DEVELOPMENT_TEAM = L7PNX7SC29;
				INFOPLIST_FILE = BLEKeyFob/Info.plist;
				LD_RUNPATH_SEARCH_PATHS = "$(inherited) @executable_path/Frameworks";
				PRODUCT_BUNDLE_IDENTIFIER = com.zbrogz.BLEKeyFob;
				PRODUCT_NAME = "$(TARGET_NAME)";
				PROVISIONING_PROFILE_SPECIFIER = "";
			};
			name = Release;
		};
		28A049BF1F2845E400EF6534 /* Debug */ = {
			isa = XCBuildConfiguration;
			buildSettings = {
				BUNDLE_LOADER = "$(TEST_HOST)";
				"CODE_SIGN_IDENTITY[sdk=iphoneos*]" = "iPhone Developer";
				DEVELOPMENT_TEAM = L7PNX7SC29;
				INFOPLIST_FILE = BLEKeyFobTests/Info.plist;
				LD_RUNPATH_SEARCH_PATHS = "$(inherited) @executable_path/Frameworks @loader_path/Frameworks";
				PRODUCT_BUNDLE_IDENTIFIER = com.zbrogz.BLEKeyFobTests;
				PRODUCT_NAME = "$(TARGET_NAME)";
				PROVISIONING_PROFILE_SPECIFIER = "";
				TEST_HOST = "$(BUILT_PRODUCTS_DIR)/BLEKeyFob.app/BLEKeyFob";
			};
			name = Debug;
		};
		28A049C01F2845E400EF6534 /* Release */ = {
			isa = XCBuildConfiguration;
			buildSettings = {
				BUNDLE_LOADER = "$(TEST_HOST)";
				"CODE_SIGN_IDENTITY[sdk=iphoneos*]" = "iPhone Developer";
				DEVELOPMENT_TEAM = L7PNX7SC29;
				INFOPLIST_FILE = BLEKeyFobTests/Info.plist;
				LD_RUNPATH_SEARCH_PATHS = "$(inherited) @executable_path/Frameworks @loader_path/Frameworks";
				PRODUCT_BUNDLE_IDENTIFIER = com.zbrogz.BLEKeyFobTests;
				PRODUCT_NAME = "$(TARGET_NAME)";
				PROVISIONING_PROFILE_SPECIFIER = "";
				TEST_HOST = "$(BUILT_PRODUCTS_DIR)/BLEKeyFob.app/BLEKeyFob";
			};
			name = Release;
		};
		28A049C21F2845E400EF6534 /* Debug */ = {
			isa = XCBuildConfiguration;
			buildSettings = {
				"CODE_SIGN_IDENTITY[sdk=iphoneos*]" = "iPhone Developer";
				DEVELOPMENT_TEAM = L7PNX7SC29;
				INFOPLIST_FILE = BLEKeyFobUITests/Info.plist;
				LD_RUNPATH_SEARCH_PATHS = "$(inherited) @executable_path/Frameworks @loader_path/Frameworks";
				PRODUCT_BUNDLE_IDENTIFIER = com.zbrogz.BLEKeyFobUITests;
				PRODUCT_NAME = "$(TARGET_NAME)";
				PROVISIONING_PROFILE_SPECIFIER = "";
				TEST_TARGET_NAME = BLEKeyFob;
			};
			name = Debug;
		};
		28A049C31F2845E400EF6534 /* Release */ = {
			isa = XCBuildConfiguration;
			buildSettings = {
				"CODE_SIGN_IDENTITY[sdk=iphoneos*]" = "iPhone Developer";
				DEVELOPMENT_TEAM = L7PNX7SC29;
				INFOPLIST_FILE = BLEKeyFobUITests/Info.plist;
				LD_RUNPATH_SEARCH_PATHS = "$(inherited) @executable_path/Frameworks @loader_path/Frameworks";
				PRODUCT_BUNDLE_IDENTIFIER = com.zbrogz.BLEKeyFobUITests;
				PRODUCT_NAME = "$(TARGET_NAME)";
				PROVISIONING_PROFILE_SPECIFIER = "";
				TEST_TARGET_NAME = BLEKeyFob;
			};
			name = Release;
		};
/* End XCBuildConfiguration section */

/* Begin XCConfigurationList section */
		28A049891F2845E300EF6534 /* Build configuration list for PBXProject "BLEKeyFob" */ = {
			isa = XCConfigurationList;
			buildConfigurations = (
				28A049B91F2845E400EF6534 /* Debug */,
				28A049BA1F2845E400EF6534 /* Release */,
			);
			defaultConfigurationIsVisible = 0;
			defaultConfigurationName = Release;
		};
		28A049BB1F2845E400EF6534 /* Build configuration list for PBXNativeTarget "BLEKeyFob" */ = {
			isa = XCConfigurationList;
			buildConfigurations = (
				28A049BC1F2845E400EF6534 /* Debug */,
				28A049BD1F2845E400EF6534 /* Release */,
			);
			defaultConfigurationIsVisible = 0;
		};
		28A049BE1F2845E400EF6534 /* Build configuration list for PBXNativeTarget "BLEKeyFobTests" */ = {
			isa = XCConfigurationList;
			buildConfigurations = (
				28A049BF1F2845E400EF6534 /* Debug */,
				28A049C01F2845E400EF6534 /* Release */,
			);
			defaultConfigurationIsVisible = 0;
		};
		28A049C11F2845E400EF6534 /* Build configuration list for PBXNativeTarget "BLEKeyFobUITests" */ = {
			isa = XCConfigurationList;
			buildConfigurations = (
				28A049C21F2845E400EF6534 /* Debug */,
				28A049C31F2845E400EF6534 /* Release */,
			);
			defaultConfigurationIsVisible = 0;
		};
/* End XCConfigurationList section */
	};
	rootObject = 28A049861F2845E300EF6534 /* Project object */;
}
